
Microsoft Visual Studio Solution File, Format Version 12.00
# Visual Studio Version 17
VisualStudioVersion = 17.8.34330.188
MinimumVisualStudioVersion = 10.0.40219.1
Project("{2150E333-8FDC-42A3-9474-1A3956D46DE8}") = "Src", "Src", "{BDAFA01E-96B8-40DF-8DF9-1C63D429E2CB}"
EndProject
Project("{2150E333-8FDC-42A3-9474-1A3956D46DE8}") = "Core", "Core", "{5B8D1D6C-A128-4405-9593-93087064DB96}"
EndProject
Project("{FAE04EC0-301F-11D3-BF4B-00C04F79EFBC}") = "Application", "Application\Application.csproj", "{4EEE9342-146E-4E69-B90A-63164ED1CE63}"
EndProject
Project("{FAE04EC0-301F-11D3-BF4B-00C04F79EFBC}") = "Domain", "Domain\Domain.csproj", "{A535359E-0238-4036-B347-EB86859D872A}"
EndProject
Project("{FAE04EC0-301F-11D3-BF4B-00C04F79EFBC}") = "Shared", "Shared\Shared.csproj", "{C673B2E4-1CDF-4DC7-849A-08CF342B1934}"
EndProject
Project("{2150E333-8FDC-42A3-9474-1A3956D46DE8}") = "Migrators", "Migrators", "{A5C0E3F1-E431-4F63-B845-FDA6F9F8EC6A}"
EndProject
Project("{FAE04EC0-301F-11D3-BF4B-00C04F79EFBC}") = "Migrators.MSSQL", "Migrators.MSSQL\Migrators.MSSQL.csproj", "{F8CAD4A7-7E26-4E8D-82F5-1FF774CADE4D}"
EndProject
Project("{FAE04EC0-301F-11D3-BF4B-00C04F79EFBC}") = "Host", "Host\Host.csproj", "{E87AE459-1642-4811-A328-14A3EAAAD1E1}"
EndProject
Project("{FAE04EC0-301F-11D3-BF4B-00C04F79EFBC}") = "Infrastructure", "Infrastructure\Infrastructure.csproj", "{A7D32562-5043-4AF6-9ED1-28141322E7DC}"
EndProject
Project("{2150E333-8FDC-42A3-9474-1A3956D46DE8}") = "Test", "Test", "{74388BC5-E6A6-4D87-B37F-89E91F608FFD}"
EndProject
Project("{FAE04EC0-301F-11D3-BF4B-00C04F79EFBC}") = "Infrastructure.Testv2", "Infrastructure.Testv2\Infrastructure.Testv2.csproj", "{B18B1EE3-544A-4D21-BF5D-E79E2C1A62B0}"
EndProject
Project("{2150E333-8FDC-42A3-9474-1A3956D46DE8}") = "Solution items", "Solution items", "{67D881D0-68A5-4CD9-B881-F0069204792C}"
EndProject
Global
	GlobalSection(SolutionConfigurationPlatforms) = preSolution
		Debug|Any CPU = Debug|Any CPU
		Release|Any CPU = Release|Any CPU
	EndGlobalSection
	GlobalSection(ProjectConfigurationPlatforms) = postSolution
		{4EEE9342-146E-4E69-B90A-63164ED1CE63}.Debug|Any CPU.ActiveCfg = Debug|Any CPU
		{4EEE9342-146E-4E69-B90A-63164ED1CE63}.Debug|Any CPU.Build.0 = Debug|Any CPU
		{4EEE9342-146E-4E69-B90A-63164ED1CE63}.Release|Any CPU.ActiveCfg = Release|Any CPU
		{4EEE9342-146E-4E69-B90A-63164ED1CE63}.Release|Any CPU.Build.0 = Release|Any CPU
		{A535359E-0238-4036-B347-EB86859D872A}.Debug|Any CPU.ActiveCfg = Debug|Any CPU
		{A535359E-0238-4036-B347-EB86859D872A}.Debug|Any CPU.Build.0 = Debug|Any CPU
		{A535359E-0238-4036-B347-EB86859D872A}.Release|Any CPU.ActiveCfg = Release|Any CPU
		{A535359E-0238-4036-B347-EB86859D872A}.Release|Any CPU.Build.0 = Release|Any CPU
		{C673B2E4-1CDF-4DC7-849A-08CF342B1934}.Debug|Any CPU.ActiveCfg = Debug|Any CPU
		{C673B2E4-1CDF-4DC7-849A-08CF342B1934}.Debug|Any CPU.Build.0 = Debug|Any CPU
		{C673B2E4-1CDF-4DC7-849A-08CF342B1934}.Release|Any CPU.ActiveCfg = Release|Any CPU
		{C673B2E4-1CDF-4DC7-849A-08CF342B1934}.Release|Any CPU.Build.0 = Release|Any CPU
		{F8CAD4A7-7E26-4E8D-82F5-1FF774CADE4D}.Debug|Any CPU.ActiveCfg = Debug|Any CPU
		{F8CAD4A7-7E26-4E8D-82F5-1FF774CADE4D}.Debug|Any CPU.Build.0 = Debug|Any CPU
		{F8CAD4A7-7E26-4E8D-82F5-1FF774CADE4D}.Release|Any CPU.ActiveCfg = Release|Any CPU
		{F8CAD4A7-7E26-4E8D-82F5-1FF774CADE4D}.Release|Any CPU.Build.0 = Release|Any CPU
		{E87AE459-1642-4811-A328-14A3EAAAD1E1}.Debug|Any CPU.ActiveCfg = Debug|Any CPU
		{E87AE459-1642-4811-A328-14A3EAAAD1E1}.Debug|Any CPU.Build.0 = Debug|Any CPU
		{E87AE459-1642-4811-A328-14A3EAAAD1E1}.Release|Any CPU.ActiveCfg = Release|Any CPU
		{E87AE459-1642-4811-A328-14A3EAAAD1E1}.Release|Any CPU.Build.0 = Release|Any CPU
		{A7D32562-5043-4AF6-9ED1-28141322E7DC}.Debug|Any CPU.ActiveCfg = Debug|Any CPU
		{A7D32562-5043-4AF6-9ED1-28141322E7DC}.Debug|Any CPU.Build.0 = Debug|Any CPU
		{A7D32562-5043-4AF6-9ED1-28141322E7DC}.Release|Any CPU.ActiveCfg = Release|Any CPU
		{A7D32562-5043-4AF6-9ED1-28141322E7DC}.Release|Any CPU.Build.0 = Release|Any CPU
		{B18B1EE3-544A-4D21-BF5D-E79E2C1A62B0}.Debug|Any CPU.ActiveCfg = Debug|Any CPU
		{B18B1EE3-544A-4D21-BF5D-E79E2C1A62B0}.Debug|Any CPU.Build.0 = Debug|Any CPU
		{B18B1EE3-544A-4D21-BF5D-E79E2C1A62B0}.Release|Any CPU.ActiveCfg = Release|Any CPU
		{B18B1EE3-544A-4D21-BF5D-E79E2C1A62B0}.Release|Any CPU.Build.0 = Release|Any CPU
	EndGlobalSection
	GlobalSection(SolutionProperties) = preSolution
		HideSolutionNode = FALSE
	EndGlobalSection
	GlobalSection(NestedProjects) = preSolution
		{5B8D1D6C-A128-4405-9593-93087064DB96} = {BDAFA01E-96B8-40DF-8DF9-1C63D429E2CB}
		{4EEE9342-146E-4E69-B90A-63164ED1CE63} = {5B8D1D6C-A128-4405-9593-93087064DB96}
		{A535359E-0238-4036-B347-EB86859D872A} = {5B8D1D6C-A128-4405-9593-93087064DB96}
		{C673B2E4-1CDF-4DC7-849A-08CF342B1934} = {5B8D1D6C-A128-4405-9593-93087064DB96}
		{A5C0E3F1-E431-4F63-B845-FDA6F9F8EC6A} = {BDAFA01E-96B8-40DF-8DF9-1C63D429E2CB}
		{F8CAD4A7-7E26-4E8D-82F5-1FF774CADE4D} = {A5C0E3F1-E431-4F63-B845-FDA6F9F8EC6A}
		{E87AE459-1642-4811-A328-14A3EAAAD1E1} = {BDAFA01E-96B8-40DF-8DF9-1C63D429E2CB}
		{A7D32562-5043-4AF6-9ED1-28141322E7DC} = {BDAFA01E-96B8-40DF-8DF9-1C63D429E2CB}
		{B18B1EE3-544A-4D21-BF5D-E79E2C1A62B0} = {74388BC5-E6A6-4D87-B37F-89E91F608FFD}
	EndGlobalSection
	GlobalSection(ExtensibilityGlobals) = postSolution
		SolutionGuid = {593E31FA-7EA9-4C61-9B6C-7EAF7B91A864}
	EndGlobalSection
EndGlobal
